
Microsoft Visual Studio Solution File, Format Version 12.00
# Visual Studio Version 16
VisualStudioVersion = 16.0.30611.23
MinimumVisualStudioVersion = 10.0.40219.1
Project("{FAE04EC0-301F-11D3-BF4B-00C04F79EFBC}") = "HjælpLone", "HjælpLone\HjælpLone.csproj", "{50776A11-3B55-484B-B187-3BEB48FBB91F}"
EndProject
Global
	GlobalSection(SolutionConfigurationPlatforms) = preSolution
		Debug|Any CPU = Debug|Any CPU
		Release|Any CPU = Release|Any CPU
	EndGlobalSection
	GlobalSection(ProjectConfigurationPlatforms) = postSolution
		{50776A11-3B55-484B-B187-3BEB48FBB91F}.Debug|Any CPU.ActiveCfg = Debug|Any CPU
		{50776A11-3B55-484B-B187-3BEB48FBB91F}.Debug|Any CPU.Build.0 = Debug|Any CPU
		{50776A11-3B55-484B-B187-3BEB48FBB91F}.Release|Any CPU.ActiveCfg = Release|Any CPU
		{50776A11-3B55-484B-B187-3BEB48FBB91F}.Release|Any CPU.Build.0 = Release|Any CPU
	EndGlobalSection
	GlobalSection(SolutionProperties) = preSolution
		HideSolutionNode = FALSE
	EndGlobalSection
	GlobalSection(ExtensibilityGlobals) = postSolution
		SolutionGuid = {0BEA7811-AAC9-440A-9442-0252A03891DA}
	EndGlobalSection
EndGlobal
